
Microsoft Visual Studio Solution File, Format Version 12.00
# Visual Studio 15
VisualStudioVersion = 15.0.27428.2015
MinimumVisualStudioVersion = 10.0.40219.1
Project("{FAE04EC0-301F-11D3-BF4B-00C04F79EFBC}") = "AngularJSAuthentication.API", "AngularJSAuthentication.API\AngularJSAuthentication.API.csproj", "{3CAC6451-F727-4D0C-9C13-254C32ED872C}"
EndProject
Project("{FAE04EC0-301F-11D3-BF4B-00C04F79EFBC}") = "AngularJSAuthentication.Web", "AngularJSAuthentication.Web\AngularJSAuthentication.Web.csproj", "{2EB25406-0E0C-4192-B520-D4B254144078}"
EndProject
Global
	GlobalSection(SolutionConfigurationPlatforms) = preSolution
		Debug|Any CPU = Debug|Any CPU
		Release|Any CPU = Release|Any CPU
	EndGlobalSection
	GlobalSection(ProjectConfigurationPlatforms) = postSolution
		{3CAC6451-F727-4D0C-9C13-254C32ED872C}.Debug|Any CPU.ActiveCfg = Debug|Any CPU
		{3CAC6451-F727-4D0C-9C13-254C32ED872C}.Debug|Any CPU.Build.0 = Debug|Any CPU
		{3CAC6451-F727-4D0C-9C13-254C32ED872C}.Release|Any CPU.ActiveCfg = Release|Any CPU
		{3CAC6451-F727-4D0C-9C13-254C32ED872C}.Release|Any CPU.Build.0 = Release|Any CPU
		{2EB25406-0E0C-4192-B520-D4B254144078}.Debug|Any CPU.ActiveCfg = Debug|Any CPU
		{2EB25406-0E0C-4192-B520-D4B254144078}.Debug|Any CPU.Build.0 = Debug|Any CPU
		{2EB25406-0E0C-4192-B520-D4B254144078}.Release|Any CPU.ActiveCfg = Release|Any CPU
		{2EB25406-0E0C-4192-B520-D4B254144078}.Release|Any CPU.Build.0 = Release|Any CPU
	EndGlobalSection
	GlobalSection(SolutionProperties) = preSolution
		HideSolutionNode = FALSE
	EndGlobalSection
	GlobalSection(ExtensibilityGlobals) = postSolution
		SolutionGuid = {68EBADFB-5DD1-4746-B870-60DFC66921DE}
	EndGlobalSection
EndGlobal
